
Microsoft Visual Studio Solution File, Format Version 12.00
# Visual Studio 15
VisualStudioVersion = 15.0.28307.705
MinimumVisualStudioVersion = 10.0.40219.1
Project("{FAE04EC0-301F-11D3-BF4B-00C04F79EFBC}") = "ConsoleApp1", "ConsoleApp1\ConsoleApp1.csproj", "{C1CF45A0-EE13-4750-AE15-F2CFD2ACD688}"
EndProject
Project("{FAE04EC0-301F-11D3-BF4B-00C04F79EFBC}") = "Task 2", "Task 2\Task 2.csproj", "{84C52730-515A-42F0-B77A-639241619533}"
EndProject
Project("{FAE04EC0-301F-11D3-BF4B-00C04F79EFBC}") = "task 3", "task 3\task 3.csproj", "{ED27E241-B25C-4751-B9D4-1D4C7DA3E9F7}"
EndProject
Global
	GlobalSection(SolutionConfigurationPlatforms) = preSolution
		Debug|Any CPU = Debug|Any CPU
		Release|Any CPU = Release|Any CPU
	EndGlobalSection
	GlobalSection(ProjectConfigurationPlatforms) = postSolution
		{C1CF45A0-EE13-4750-AE15-F2CFD2ACD688}.Debug|Any CPU.ActiveCfg = Debug|Any CPU
		{C1CF45A0-EE13-4750-AE15-F2CFD2ACD688}.Debug|Any CPU.Build.0 = Debug|Any CPU
		{C1CF45A0-EE13-4750-AE15-F2CFD2ACD688}.Release|Any CPU.ActiveCfg = Release|Any CPU
		{C1CF45A0-EE13-4750-AE15-F2CFD2ACD688}.Release|Any CPU.Build.0 = Release|Any CPU
		{84C52730-515A-42F0-B77A-639241619533}.Debug|Any CPU.ActiveCfg = Debug|Any CPU
		{84C52730-515A-42F0-B77A-639241619533}.Debug|Any CPU.Build.0 = Debug|Any CPU
		{84C52730-515A-42F0-B77A-639241619533}.Release|Any CPU.ActiveCfg = Release|Any CPU
		{84C52730-515A-42F0-B77A-639241619533}.Release|Any CPU.Build.0 = Release|Any CPU
		{ED27E241-B25C-4751-B9D4-1D4C7DA3E9F7}.Debug|Any CPU.ActiveCfg = Debug|Any CPU
		{ED27E241-B25C-4751-B9D4-1D4C7DA3E9F7}.Debug|Any CPU.Build.0 = Debug|Any CPU
		{ED27E241-B25C-4751-B9D4-1D4C7DA3E9F7}.Release|Any CPU.ActiveCfg = Release|Any CPU
		{ED27E241-B25C-4751-B9D4-1D4C7DA3E9F7}.Release|Any CPU.Build.0 = Release|Any CPU
	EndGlobalSection
	GlobalSection(SolutionProperties) = preSolution
		HideSolutionNode = FALSE
	EndGlobalSection
	GlobalSection(ExtensibilityGlobals) = postSolution
		SolutionGuid = {EA97DE0F-CCE9-4260-8BD6-4E5D8CC1377B}
	EndGlobalSection
EndGlobal
